// !$*UTF8*$!
{
	archiveVersion = 1;
	classes = {
	};
	objectVersion = 55;
	objects = {

/* Begin PBXBuildFile section */
		6D20A4EE27D6177800062848 /* AppDelegate.swift in Sources */ = {isa = PBXBuildFile; fileRef = 6D20A4ED27D6177800062848 /* AppDelegate.swift */; };
		6D20A4F027D6177800062848 /* SceneDelegate.swift in Sources */ = {isa = PBXBuildFile; fileRef = 6D20A4EF27D6177800062848 /* SceneDelegate.swift */; };
		6D20A4F227D6177800062848 /* ViewController.swift in Sources */ = {isa = PBXBuildFile; fileRef = 6D20A4F127D6177800062848 /* ViewController.swift */; };
		6D20A4F527D6177800062848 /* Main.storyboard in Resources */ = {isa = PBXBuildFile; fileRef = 6D20A4F327D6177800062848 /* Main.storyboard */; };
		6D20A4F727D6177A00062848 /* Assets.xcassets in Resources */ = {isa = PBXBuildFile; fileRef = 6D20A4F627D6177A00062848 /* Assets.xcassets */; };
		6D20A4FA27D6177A00062848 /* LaunchScreen.storyboard in Resources */ = {isa = PBXBuildFile; fileRef = 6D20A4F827D6177A00062848 /* LaunchScreen.storyboard */; };
		6D20A50327D61C0900062848 /* DataManagerError.swift in Sources */ = {isa = PBXBuildFile; fileRef = 6D20A50227D61C0900062848 /* DataManagerError.swift */; };
		6D20A50627D61C4300062848 /* Endpoint.swift in Sources */ = {isa = PBXBuildFile; fileRef = 6D20A50527D61C4300062848 /* Endpoint.swift */; };
		6D20A50827D61E5C00062848 /* RestClient.swift in Sources */ = {isa = PBXBuildFile; fileRef = 6D20A50727D61E5C00062848 /* RestClient.swift */; };
		6D20A50A27D61F7300062848 /* Services.swift in Sources */ = {isa = PBXBuildFile; fileRef = 6D20A50927D61F7300062848 /* Services.swift */; };
		6D20A50D27D6288D00062848 /* PokemonResponse.swift in Sources */ = {isa = PBXBuildFile; fileRef = 6D20A50C27D6288D00062848 /* PokemonResponse.swift */; };
		6D20A50F27D6299100062848 /* PokemonDetail.swift in Sources */ = {isa = PBXBuildFile; fileRef = 6D20A50E27D6299100062848 /* PokemonDetail.swift */; };
/* End PBXBuildFile section */

/* Begin PBXFileReference section */
		6D20A4EA27D6177800062848 /* PokemonTest.app */ = {isa = PBXFileReference; explicitFileType = wrapper.application; includeInIndex = 0; path = PokemonTest.app; sourceTree = BUILT_PRODUCTS_DIR; };
		6D20A4ED27D6177800062848 /* AppDelegate.swift */ = {isa = PBXFileReference; lastKnownFileType = sourcecode.swift; path = AppDelegate.swift; sourceTree = "<group>"; };
		6D20A4EF27D6177800062848 /* SceneDelegate.swift */ = {isa = PBXFileReference; lastKnownFileType = sourcecode.swift; path = SceneDelegate.swift; sourceTree = "<group>"; };
		6D20A4F127D6177800062848 /* ViewController.swift */ = {isa = PBXFileReference; lastKnownFileType = sourcecode.swift; path = ViewController.swift; sourceTree = "<group>"; };
		6D20A4F427D6177800062848 /* Base */ = {isa = PBXFileReference; lastKnownFileType = file.storyboard; name = Base; path = Base.lproj/Main.storyboard; sourceTree = "<group>"; };
		6D20A4F627D6177A00062848 /* Assets.xcassets */ = {isa = PBXFileReference; lastKnownFileType = folder.assetcatalog; path = Assets.xcassets; sourceTree = "<group>"; };
		6D20A4F927D6177A00062848 /* Base */ = {isa = PBXFileReference; lastKnownFileType = file.storyboard; name = Base; path = Base.lproj/LaunchScreen.storyboard; sourceTree = "<group>"; };
		6D20A4FB27D6177A00062848 /* Info.plist */ = {isa = PBXFileReference; lastKnownFileType = text.plist.xml; path = Info.plist; sourceTree = "<group>"; };
		6D20A50227D61C0900062848 /* DataManagerError.swift */ = {isa = PBXFileReference; lastKnownFileType = sourcecode.swift; path = DataManagerError.swift; sourceTree = "<group>"; };
		6D20A50527D61C4300062848 /* Endpoint.swift */ = {isa = PBXFileReference; lastKnownFileType = sourcecode.swift; path = Endpoint.swift; sourceTree = "<group>"; };
		6D20A50727D61E5C00062848 /* RestClient.swift */ = {isa = PBXFileReference; lastKnownFileType = sourcecode.swift; path = RestClient.swift; sourceTree = "<group>"; };
		6D20A50927D61F7300062848 /* Services.swift */ = {isa = PBXFileReference; lastKnownFileType = sourcecode.swift; path = Services.swift; sourceTree = "<group>"; };
		6D20A50C27D6288D00062848 /* PokemonResponse.swift */ = {isa = PBXFileReference; lastKnownFileType = sourcecode.swift; path = PokemonResponse.swift; sourceTree = "<group>"; };
		6D20A50E27D6299100062848 /* PokemonDetail.swift */ = {isa = PBXFileReference; lastKnownFileType = sourcecode.swift; path = PokemonDetail.swift; sourceTree = "<group>"; };
/* End PBXFileReference section */

/* Begin PBXFrameworksBuildPhase section */
		6D20A4E727D6177800062848 /* Frameworks */ = {
			isa = PBXFrameworksBuildPhase;
			buildActionMask = 2147483647;
			files = (
			);
			runOnlyForDeploymentPostprocessing = 0;
		};
/* End PBXFrameworksBuildPhase section */

/* Begin PBXGroup section */
		6D20A4E127D6177800062848 = {
			isa = PBXGroup;
			children = (
				6D20A4EC27D6177800062848 /* PokemonTest */,
				6D20A4EB27D6177800062848 /* Products */,
			);
			sourceTree = "<group>";
		};
		6D20A4EB27D6177800062848 /* Products */ = {
			isa = PBXGroup;
			children = (
				6D20A4EA27D6177800062848 /* PokemonTest.app */,
			);
			name = Products;
			sourceTree = "<group>";
		};
		6D20A4EC27D6177800062848 /* PokemonTest */ = {
			isa = PBXGroup;
			children = (
				6D20A50127D61BDF00062848 /* DataManager */,
				6D20A4ED27D6177800062848 /* AppDelegate.swift */,
				6D20A4EF27D6177800062848 /* SceneDelegate.swift */,
				6D20A4F127D6177800062848 /* ViewController.swift */,
				6D20A4F327D6177800062848 /* Main.storyboard */,
				6D20A4F627D6177A00062848 /* Assets.xcassets */,
				6D20A4F827D6177A00062848 /* LaunchScreen.storyboard */,
				6D20A4FB27D6177A00062848 /* Info.plist */,
			);
			path = PokemonTest;
			sourceTree = "<group>";
		};
		6D20A50127D61BDF00062848 /* DataManager */ = {
			isa = PBXGroup;
			children = (
				6D20A50B27D6208500062848 /* Model */,
				6D20A50427D61C2C00062848 /* API */,
				6D20A50227D61C0900062848 /* DataManagerError.swift */,
			);
			path = DataManager;
			sourceTree = "<group>";
		};
		6D20A50427D61C2C00062848 /* API */ = {
			isa = PBXGroup;
			children = (
				6D20A50527D61C4300062848 /* Endpoint.swift */,
				6D20A50727D61E5C00062848 /* RestClient.swift */,
				6D20A50927D61F7300062848 /* Services.swift */,
			);
			path = API;
			sourceTree = "<group>";
		};
		6D20A50B27D6208500062848 /* Model */ = {
			isa = PBXGroup;
			children = (
				6D20A50C27D6288D00062848 /* PokemonResponse.swift */,
				6D20A50E27D6299100062848 /* PokemonDetail.swift */,
			);
			path = Model;
			sourceTree = "<group>";
		};
/* End PBXGroup section */

/* Begin PBXNativeTarget section */
		6D20A4E927D6177800062848 /* PokemonTest */ = {
			isa = PBXNativeTarget;
			buildConfigurationList = 6D20A4FE27D6177A00062848 /* Build configuration list for PBXNativeTarget "PokemonTest" */;
			buildPhases = (
				6D20A4E627D6177800062848 /* Sources */,
				6D20A4E727D6177800062848 /* Frameworks */,
				6D20A4E827D6177800062848 /* Resources */,
			);
			buildRules = (
			);
			dependencies = (
			);
			name = PokemonTest;
			productName = PokemonTest;
			productReference = 6D20A4EA27D6177800062848 /* PokemonTest.app */;
			productType = "com.apple.product-type.application";
		};
/* End PBXNativeTarget section */

/* Begin PBXProject section */
		6D20A4E227D6177800062848 /* Project object */ = {
			isa = PBXProject;
			attributes = {
				BuildIndependentTargetsInParallel = 1;
				LastSwiftUpdateCheck = 1320;
				LastUpgradeCheck = 1320;
				TargetAttributes = {
					6D20A4E927D6177800062848 = {
						CreatedOnToolsVersion = 13.2.1;
					};
				};
			};
			buildConfigurationList = 6D20A4E527D6177800062848 /* Build configuration list for PBXProject "PokemonTest" */;
			compatibilityVersion = "Xcode 13.0";
			developmentRegion = en;
			hasScannedForEncodings = 0;
			knownRegions = (
				en,
				Base,
			);
			mainGroup = 6D20A4E127D6177800062848;
			productRefGroup = 6D20A4EB27D6177800062848 /* Products */;
			projectDirPath = "";
			projectRoot = "";
			targets = (
				6D20A4E927D6177800062848 /* PokemonTest */,
			);
		};
/* End PBXProject section */

/* Begin PBXResourcesBuildPhase section */
		6D20A4E827D6177800062848 /* Resources */ = {
			isa = PBXResourcesBuildPhase;
			buildActionMask = 2147483647;
			files = (
				6D20A4FA27D6177A00062848 /* LaunchScreen.storyboard in Resources */,
				6D20A4F727D6177A00062848 /* Assets.xcassets in Resources */,
				6D20A4F527D6177800062848 /* Main.storyboard in Resources */,
			);
			runOnlyForDeploymentPostprocessing = 0;
		};
/* End PBXResourcesBuildPhase section */

/* Begin PBXSourcesBuildPhase section */
		6D20A4E627D6177800062848 /* Sources */ = {
			isa = PBXSourcesBuildPhase;
			buildActionMask = 2147483647;
			files = (
				6D20A50D27D6288D00062848 /* PokemonResponse.swift in Sources */,
				6D20A50327D61C0900062848 /* DataManagerError.swift in Sources */,
				6D20A4F227D6177800062848 /* ViewController.swift in Sources */,
				6D20A4EE27D6177800062848 /* AppDelegate.swift in Sources */,
				6D20A50A27D61F7300062848 /* Services.swift in Sources */,
				6D20A4F027D6177800062848 /* SceneDelegate.swift in Sources */,
				6D20A50827D61E5C00062848 /* RestClient.swift in Sources */,
				6D20A50F27D6299100062848 /* PokemonDetail.swift in Sources */,
				6D20A50627D61C4300062848 /* Endpoint.swift in Sources */,
			);
			runOnlyForDeploymentPostprocessing = 0;
		};
/* End PBXSourcesBuildPhase section */

/* Begin PBXVariantGroup section */
		6D20A4F327D6177800062848 /* Main.storyboard */ = {
			isa = PBXVariantGroup;
			children = (
				6D20A4F427D6177800062848 /* Base */,
			);
			name = Main.storyboard;
			sourceTree = "<group>";
		};
		6D20A4F827D6177A00062848 /* LaunchScreen.storyboard */ = {
			isa = PBXVariantGroup;
			children = (
				6D20A4F927D6177A00062848 /* Base */,
			);
			name = LaunchScreen.storyboard;
			sourceTree = "<group>";
		};
/* End PBXVariantGroup section */

/* Begin XCBuildConfiguration section */
		6D20A4FC27D6177A00062848 /* Debug */ = {
			isa = XCBuildConfiguration;
			buildSettings = {
				ALWAYS_SEARCH_USER_PATHS = NO;
				CLANG_ANALYZER_NONNULL = YES;
				CLANG_ANALYZER_NUMBER_OBJECT_CONVERSION = YES_AGGRESSIVE;
				CLANG_CXX_LANGUAGE_STANDARD = "gnu++17";
				CLANG_CXX_LIBRARY = "libc++";
				CLANG_ENABLE_MODULES = YES;
				CLANG_ENABLE_OBJC_ARC = YES;
				CLANG_ENABLE_OBJC_WEAK = YES;
				CLANG_WARN_BLOCK_CAPTURE_AUTORELEASING = YES;
				CLANG_WARN_BOOL_CONVERSION = YES;
				CLANG_WARN_COMMA = YES;
				CLANG_WARN_CONSTANT_CONVERSION = YES;
				CLANG_WARN_DEPRECATED_OBJC_IMPLEMENTATIONS = YES;
				CLANG_WARN_DIRECT_OBJC_ISA_USAGE = YES_ERROR;
				CLANG_WARN_DOCUMENTATION_COMMENTS = YES;
				CLANG_WARN_EMPTY_BODY = YES;
				CLANG_WARN_ENUM_CONVERSION = YES;
				CLANG_WARN_INFINITE_RECURSION = YES;
				CLANG_WARN_INT_CONVERSION = YES;
				CLANG_WARN_NON_LITERAL_NULL_CONVERSION = YES;
				CLANG_WARN_OBJC_IMPLICIT_RETAIN_SELF = YES;
				CLANG_WARN_OBJC_LITERAL_CONVERSION = YES;
				CLANG_WARN_OBJC_ROOT_CLASS = YES_ERROR;
				CLANG_WARN_QUOTED_INCLUDE_IN_FRAMEWORK_HEADER = YES;
				CLANG_WARN_RANGE_LOOP_ANALYSIS = YES;
				CLANG_WARN_STRICT_PROTOTYPES = YES;
				CLANG_WARN_SUSPICIOUS_MOVE = YES;
				CLANG_WARN_UNGUARDED_AVAILABILITY = YES_AGGRESSIVE;
				CLANG_WARN_UNREACHABLE_CODE = YES;
				CLANG_WARN__DUPLICATE_METHOD_MATCH = YES;
				COPY_PHASE_STRIP = NO;
				DEBUG_INFORMATION_FORMAT = dwarf;
				ENABLE_STRICT_OBJC_MSGSEND = YES;
				ENABLE_TESTABILITY = YES;
				GCC_C_LANGUAGE_STANDARD = gnu11;
				GCC_DYNAMIC_NO_PIC = NO;
				GCC_NO_COMMON_BLOCKS = YES;
				GCC_OPTIMIZATION_LEVEL = 0;
				GCC_PREPROCESSOR_DEFINITIONS = (
					"DEBUG=1",
					"$(inherited)",
				);
				GCC_WARN_64_TO_32_BIT_CONVERSION = YES;
				GCC_WARN_ABOUT_RETURN_TYPE = YES_ERROR;
				GCC_WARN_UNDECLARED_SELECTOR = YES;
				GCC_WARN_UNINITIALIZED_AUTOS = YES_AGGRESSIVE;
				GCC_WARN_UNUSED_FUNCTION = YES;
				GCC_WARN_UNUSED_VARIABLE = YES;
				IPHONEOS_DEPLOYMENT_TARGET = 15.2;
				MTL_ENABLE_DEBUG_INFO = INCLUDE_SOURCE;
				MTL_FAST_MATH = YES;
				ONLY_ACTIVE_ARCH = YES;
				SDKROOT = iphoneos;
				SWIFT_ACTIVE_COMPILATION_CONDITIONS = DEBUG;
				SWIFT_OPTIMIZATION_LEVEL = "-Onone";
			};
			name = Debug;
		};
		6D20A4FD27D6177A00062848 /* Release */ = {
			isa = XCBuildConfiguration;
			buildSettings = {
				ALWAYS_SEARCH_USER_PATHS = NO;
				CLANG_ANALYZER_NONNULL = YES;
				CLANG_ANALYZER_NUMBER_OBJECT_CONVERSION = YES_AGGRESSIVE;
				CLANG_CXX_LANGUAGE_STANDARD = "gnu++17";
				CLANG_CXX_LIBRARY = "libc++";
				CLANG_ENABLE_MODULES = YES;
				CLANG_ENABLE_OBJC_ARC = YES;
				CLANG_ENABLE_OBJC_WEAK = YES;
				CLANG_WARN_BLOCK_CAPTURE_AUTORELEASING = YES;
				CLANG_WARN_BOOL_CONVERSION = YES;
				CLANG_WARN_COMMA = YES;
				CLANG_WARN_CONSTANT_CONVERSION = YES;
				CLANG_WARN_DEPRECATED_OBJC_IMPLEMENTATIONS = YES;
				CLANG_WARN_DIRECT_OBJC_ISA_USAGE = YES_ERROR;
				CLANG_WARN_DOCUMENTATION_COMMENTS = YES;
				CLANG_WARN_EMPTY_BODY = YES;
				CLANG_WARN_ENUM_CONVERSION = YES;
				CLANG_WARN_INFINITE_RECURSION = YES;
				CLANG_WARN_INT_CONVERSION = YES;
				CLANG_WARN_NON_LITERAL_NULL_CONVERSION = YES;
				CLANG_WARN_OBJC_IMPLICIT_RETAIN_SELF = YES;
				CLANG_WARN_OBJC_LITERAL_CONVERSION = YES;
				CLANG_WARN_OBJC_ROOT_CLASS = YES_ERROR;
				CLANG_WARN_QUOTED_INCLUDE_IN_FRAMEWORK_HEADER = YES;
				CLANG_WARN_RANGE_LOOP_ANALYSIS = YES;
				CLANG_WARN_STRICT_PROTOTYPES = YES;
				CLANG_WARN_SUSPICIOUS_MOVE = YES;
				CLANG_WARN_UNGUARDED_AVAILABILITY = YES_AGGRESSIVE;
				CLANG_WARN_UNREACHABLE_CODE = YES;
				CLANG_WARN__DUPLICATE_METHOD_MATCH = YES;
				COPY_PHASE_STRIP = NO;
				DEBUG_INFORMATION_FORMAT = "dwarf-with-dsym";
				ENABLE_NS_ASSERTIONS = NO;
				ENABLE_STRICT_OBJC_MSGSEND = YES;
				GCC_C_LANGUAGE_STANDARD = gnu11;
				GCC_NO_COMMON_BLOCKS = YES;
				GCC_WARN_64_TO_32_BIT_CONVERSION = YES;
				GCC_WARN_ABOUT_RETURN_TYPE = YES_ERROR;
				GCC_WARN_UNDECLARED_SELECTOR = YES;
				GCC_WARN_UNINITIALIZED_AUTOS = YES_AGGRESSIVE;
				GCC_WARN_UNUSED_FUNCTION = YES;
				GCC_WARN_UNUSED_VARIABLE = YES;
				IPHONEOS_DEPLOYMENT_TARGET = 15.2;
				MTL_ENABLE_DEBUG_INFO = NO;
				MTL_FAST_MATH = YES;
				SDKROOT = iphoneos;
				SWIFT_COMPILATION_MODE = wholemodule;
				SWIFT_OPTIMIZATION_LEVEL = "-O";
				VALIDATE_PRODUCT = YES;
			};
			name = Release;
		};
		6D20A4FF27D6177A00062848 /* Debug */ = {
			isa = XCBuildConfiguration;
			buildSettings = {
				ASSETCATALOG_COMPILER_APPICON_NAME = AppIcon;
				ASSETCATALOG_COMPILER_GLOBAL_ACCENT_COLOR_NAME = AccentColor;
				CODE_SIGN_STYLE = Automatic;
				CURRENT_PROJECT_VERSION = 1;
				DEVELOPMENT_TEAM = 7NBD68U8QX;
				GENERATE_INFOPLIST_FILE = YES;
				INFOPLIST_FILE = PokemonTest/Info.plist;
				INFOPLIST_KEY_UIApplicationSupportsIndirectInputEvents = YES;
				INFOPLIST_KEY_UILaunchStoryboardName = LaunchScreen;
				INFOPLIST_KEY_UIMainStoryboardFile = Main;
				INFOPLIST_KEY_UISupportedInterfaceOrientations_iPad = "UIInterfaceOrientationPortrait UIInterfaceOrientationPortraitUpsideDown UIInterfaceOrientationLandscapeLeft UIInterfaceOrientationLandscapeRight";
				INFOPLIST_KEY_UISupportedInterfaceOrientations_iPhone = "UIInterfaceOrientationPortrait UIInterfaceOrientationLandscapeLeft UIInterfaceOrientationLandscapeRight";
				LD_RUNPATH_SEARCH_PATHS = (
					"$(inherited)",
					"@executable_path/Frameworks",
				);
				MARKETING_VERSION = 1.0;
				PRODUCT_BUNDLE_IDENTIFIER = com.felima.PokemonTest;
				PRODUCT_NAME = "$(TARGET_NAME)";
				SWIFT_EMIT_LOC_STRINGS = YES;
				SWIFT_VERSION = 5.0;
				TARGETED_DEVICE_FAMILY = "1,2";
			};
			name = Debug;
		};
		6D20A50027D6177A00062848 /* Release */ = {
			isa = XCBuildConfiguration;
			buildSettings = {
				ASSETCATALOG_COMPILER_APPICON_NAME = AppIcon;
				ASSETCATALOG_COMPILER_GLOBAL_ACCENT_COLOR_NAME = AccentColor;
				CODE_SIGN_STYLE = Automatic;
				CURRENT_PROJECT_VERSION = 1;
				DEVELOPMENT_TEAM = 7NBD68U8QX;
				GENERATE_INFOPLIST_FILE = YES;
				INFOPLIST_FILE = PokemonTest/Info.plist;
				INFOPLIST_KEY_UIApplicationSupportsIndirectInputEvents = YES;
				INFOPLIST_KEY_UILaunchStoryboardName = LaunchScreen;
				INFOPLIST_KEY_UIMainStoryboardFile = Main;
				INFOPLIST_KEY_UISupportedInterfaceOrientations_iPad = "UIInterfaceOrientationPortrait UIInterfaceOrientationPortraitUpsideDown UIInterfaceOrientationLandscapeLeft UIInterfaceOrientationLandscapeRight";
				INFOPLIST_KEY_UISupportedInterfaceOrientations_iPhone = "UIInterfaceOrientationPortrait UIInterfaceOrientationLandscapeLeft UIInterfaceOrientationLandscapeRight";
				LD_RUNPATH_SEARCH_PATHS = (
					"$(inherited)",
					"@executable_path/Frameworks",
				);
				MARKETING_VERSION = 1.0;
				PRODUCT_BUNDLE_IDENTIFIER = com.felima.PokemonTest;
				PRODUCT_NAME = "$(TARGET_NAME)";
				SWIFT_EMIT_LOC_STRINGS = YES;
				SWIFT_VERSION = 5.0;
				TARGETED_DEVICE_FAMILY = "1,2";
			};
			name = Release;
		};
/* End XCBuildConfiguration section */

/* Begin XCConfigurationList section */
		6D20A4E527D6177800062848 /* Build configuration list for PBXProject "PokemonTest" */ = {
			isa = XCConfigurationList;
			buildConfigurations = (
				6D20A4FC27D6177A00062848 /* Debug */,
				6D20A4FD27D6177A00062848 /* Release */,
			);
			defaultConfigurationIsVisible = 0;
			defaultConfigurationName = Release;
		};
		6D20A4FE27D6177A00062848 /* Build configuration list for PBXNativeTarget "PokemonTest" */ = {
			isa = XCConfigurationList;
			buildConfigurations = (
				6D20A4FF27D6177A00062848 /* Debug */,
				6D20A50027D6177A00062848 /* Release */,
			);
			defaultConfigurationIsVisible = 0;
			defaultConfigurationName = Release;
		};
/* End XCConfigurationList section */
	};
	rootObject = 6D20A4E227D6177800062848 /* Project object */;
}
